{
  "version": 4,
  "terraform_version": "1.13.4",
  "serial": 11,
  "lineage": "0da4d7e4-c83d-c7bb-3d23-215fed58c6c8",
  "outputs": {},
  "resources": [
    {
      "mode": "managed",
      "type": "docker_image",
      "name": "app_image",
      "provider": "provider[\"registry.terraform.io/kreuzwerker/docker\"]",
      "instances": [
        {
          "schema_version": 0,
          "attributes": {
            "build": [],
            "force_remove": null,
            "id": "sha256:c31f7281259db1490b4acf7ba3cbd1d02e6d66730511af8e1fa8d575859155c5ghcr.io/akash66taa/devopsproject:latest",
            "image_id": "sha256:c31f7281259db1490b4acf7ba3cbd1d02e6d66730511af8e1fa8d575859155c5",
            "keep_locally": true,
            "name": "ghcr.io/akash66taa/devopsproject:latest",
            "platform": null,
            "pull_triggers": null,
            "repo_digest": "ghcr.io/akash66taa/devopsproject@sha256:c31f7281259db1490b4acf7ba3cbd1d02e6d66730511af8e1fa8d575859155c5",
            "triggers": null
          },
          "sensitive_attributes": [],
          "identity_schema_version": 0,
          "private": "bnVsbA=="
        }
      ]
    },
    {
      "mode": "managed",
      "type": "docker_service",
      "name": "app_service",
      "provider": "provider[\"registry.terraform.io/kreuzwerker/docker\"]",
      "instances": [
        {
          "schema_version": 2,
          "attributes": {
            "auth": [],
            "converge_config": [],
            "endpoint_spec": [
              {
                "mode": "vip",
                "ports": [
                  {
                    "name": "",
                    "protocol": "tcp",
                    "publish_mode": "ingress",
                    "published_port": 8080,
                    "target_port": 80
                  }
                ]
              }
            ],
            "id": "276qj740j66us40l4h017j1qc",
            "labels": [],
            "mode": [
              {
                "global": false,
                "replicated": [
                  {
                    "replicas": 1
                  }
                ]
              }
            ],
            "name": "my-web-app",
            "rollback_config": [],
            "task_spec": [
              {
                "container_spec": [
                  {
                    "args": [],
                    "command": [],
                    "configs": [],
                    "dir": "",
                    "dns_config": [
                      {
                        "nameservers": null,
                        "options": null,
                        "search": null
                      }
                    ],
                    "env": {},
                    "groups": [],
                    "healthcheck": [
                      {
                        "interval": "0s",
                        "retries": 0,
                        "start_period": "0s",
                        "test": [],
                        "timeout": "0s"
                      }
                    ],
                    "hostname": "",
                    "hosts": [],
                    "image": "ghcr.io/akash66taa/devopsproject:latest",
                    "isolation": "default",
                    "labels": [],
                    "mounts": [],
                    "privileges": [],
                    "read_only": false,
                    "secrets": [],
                    "stop_grace_period": "0s",
                    "stop_signal": "",
                    "sysctl": {},
                    "user": ""
                  }
                ],
                "force_update": 0,
                "log_driver": [],
                "networks_advanced": [],
                "placement": [
                  {
                    "constraints": [],
                    "max_replicas": 0,
                    "platforms": [
                      {
                        "architecture": "amd64",
                        "os": "linux"
                      }
                    ],
                    "prefs": []
                  }
                ],
                "resources": [
                  {
                    "limits": [],
                    "reservation": []
                  }
                ],
                "restart_policy": [
                  {
                    "condition": "any",
                    "delay": "0s",
                    "max_attempts": 0,
                    "window": "0s"
                  }
                ],
                "runtime": "container"
              }
            ],
            "update_config": []
          },
          "sensitive_attributes": [],
          "identity_schema_version": 0,
          "private": "eyJzY2hlbWFfdmVyc2lvbiI6IjIifQ==",
          "dependencies": [
            "docker_image.app_image"
          ]
        }
      ]
    }
  ],
  "check_results": null
}
